// !$*UTF8*$!
{
	archiveVersion = 1;
	classes = {
	};
	objectVersion = 46;
	objects = {

/* Begin PBXBuildFile section */
		250392251E65C758002062F0 /* EasyUploaderTests.m in Sources */ = {isa = PBXBuildFile; fileRef = 250392241E65C758002062F0 /* EasyUploaderTests.m */; };
		250392301E65C758002062F0 /* EasyUploaderUITests.m in Sources */ = {isa = PBXBuildFile; fileRef = 2503922F1E65C758002062F0 /* EasyUploaderUITests.m */; };
		2508F35D1E7D7C3600217772 /* AssetsLibrary.framework in Frameworks */ = {isa = PBXBuildFile; fileRef = 2508F35C1E7D7C3600217772 /* AssetsLibrary.framework */; };
		250F02181F28C3AB00438141 /* QiniuResouresViewController.m in Sources */ = {isa = PBXBuildFile; fileRef = 250F02171F28C3AB00438141 /* QiniuResouresViewController.m */; };
		255E15321F2274B000411A67 /* UITextField+Padding.m in Sources */ = {isa = PBXBuildFile; fileRef = 255E14FD1F2274B000411A67 /* UITextField+Padding.m */; };
		255E15331F2274B000411A67 /* UIView+Frame.m in Sources */ = {isa = PBXBuildFile; fileRef = 255E14FF1F2274B000411A67 /* UIView+Frame.m */; };
		255E15341F2274B000411A67 /* DDLogCustomFormatter.m in Sources */ = {isa = PBXBuildFile; fileRef = 255E15021F2274B000411A67 /* DDLogCustomFormatter.m */; };
		255E15351F2274B000411A67 /* GTMBase64.m in Sources */ = {isa = PBXBuildFile; fileRef = 255E15091F2274B000411A67 /* GTMBase64.m */; settings = {COMPILER_FLAGS = "-fno-objc-arc"; }; };
		255E15361F2274B000411A67 /* IPAddress.m in Sources */ = {isa = PBXBuildFile; fileRef = 255E150C1F2274B000411A67 /* IPAddress.m */; };
		255E15371F2274B000411A67 /* KeychainItemWrapper.m in Sources */ = {isa = PBXBuildFile; fileRef = 255E150F1F2274B000411A67 /* KeychainItemWrapper.m */; settings = {COMPILER_FLAGS = "-fno-objc-arc"; }; };
		255E15381F2274B000411A67 /* ALAssetUtil.m in Sources */ = {isa = PBXBuildFile; fileRef = 255E15121F2274B000411A67 /* ALAssetUtil.m */; };
		255E15391F2274B000411A67 /* DateUtil.m in Sources */ = {isa = PBXBuildFile; fileRef = 255E15141F2274B000411A67 /* DateUtil.m */; };
		255E153A1F2274B000411A67 /* DeviceUtil.m in Sources */ = {isa = PBXBuildFile; fileRef = 255E15161F2274B000411A67 /* DeviceUtil.m */; };
		255E153B1F2274B000411A67 /* LanguagTranslateUtil.m in Sources */ = {isa = PBXBuildFile; fileRef = 255E15181F2274B000411A67 /* LanguagTranslateUtil.m */; };
		255E153C1F2274B000411A67 /* StringUtil.m in Sources */ = {isa = PBXBuildFile; fileRef = 255E151A1F2274B000411A67 /* StringUtil.m */; };
		255E153D1F2274B000411A67 /* UINormalTableViewCell.m in Sources */ = {isa = PBXBuildFile; fileRef = 255E151D1F2274B000411A67 /* UINormalTableViewCell.m */; };
		255E153E1F2274B000411A67 /* ZyxPhotoCollectionViewCell.m in Sources */ = {isa = PBXBuildFile; fileRef = 255E151F1F2274B000411A67 /* ZyxPhotoCollectionViewCell.m */; };
		255E153F1F2274B000411A67 /* BaseViewController.m in Sources */ = {isa = PBXBuildFile; fileRef = 255E15221F2274B000411A67 /* BaseViewController.m */; };
		255E15401F2274B000411A67 /* AlbumPhotosViewController.m in Sources */ = {isa = PBXBuildFile; fileRef = 255E15261F2274B000411A67 /* AlbumPhotosViewController.m */; };
		255E15411F2274B000411A67 /* ZyxPhotosViewController.m in Sources */ = {isa = PBXBuildFile; fileRef = 255E15281F2274B000411A67 /* ZyxPhotosViewController.m */; };
		255E15421F2274B000411A67 /* ZyxPickAlbumViewController.m in Sources */ = {isa = PBXBuildFile; fileRef = 255E152A1F2274B000411A67 /* ZyxPickAlbumViewController.m */; };
		255E15431F2274B000411A67 /* ZyxPhotoManager.m in Sources */ = {isa = PBXBuildFile; fileRef = 255E152C1F2274B000411A67 /* ZyxPhotoManager.m */; };
		255E15441F2274B000411A67 /* QiniuResourceManager.m in Sources */ = {isa = PBXBuildFile; fileRef = 255E152F1F2274B000411A67 /* QiniuResourceManager.m */; };
		255E15451F2274B000411A67 /* QiniuUploadManager.m in Sources */ = {isa = PBXBuildFile; fileRef = 255E15311F2274B000411A67 /* QiniuUploadManager.m */; };
		255E15531F22778700411A67 /* AppDelegate.m in Sources */ = {isa = PBXBuildFile; fileRef = 255E15481F22778700411A67 /* AppDelegate.m */; };
		255E15541F22778700411A67 /* Assets.xcassets in Resources */ = {isa = PBXBuildFile; fileRef = 255E15491F22778700411A67 /* Assets.xcassets */; };
		255E15561F22778700411A67 /* en.plist in Resources */ = {isa = PBXBuildFile; fileRef = 255E154C1F22778700411A67 /* en.plist */; };
		255E15571F22778700411A67 /* Info.plist in Resources */ = {isa = PBXBuildFile; fileRef = 255E154D1F22778700411A67 /* Info.plist */; };
		255E15581F22778700411A67 /* main.m in Sources */ = {isa = PBXBuildFile; fileRef = 255E154E1F22778700411A67 /* main.m */; };
		255E15591F22778700411A67 /* QiniuMainViewController.m in Sources */ = {isa = PBXBuildFile; fileRef = 255E15511F22778700411A67 /* QiniuMainViewController.m */; };
		255E155A1F22778700411A67 /* zh-Hans.plist in Resources */ = {isa = PBXBuildFile; fileRef = 255E15521F22778700411A67 /* zh-Hans.plist */; };
		255E155E1F227A5600411A67 /* QiniuBucket.m in Sources */ = {isa = PBXBuildFile; fileRef = 255E155D1F227A5600411A67 /* QiniuBucket.m */; };
		255E15611F227A6A00411A67 /* QiniuResource.m in Sources */ = {isa = PBXBuildFile; fileRef = 255E15601F227A6A00411A67 /* QiniuResource.m */; };
		259A36101F2B71B200F10298 /* QiniuBucketViewModel.m in Sources */ = {isa = PBXBuildFile; fileRef = 259A360F1F2B71B200F10298 /* QiniuBucketViewModel.m */; };
		259A36131F2DA95C00F10298 /* ToolCell.m in Sources */ = {isa = PBXBuildFile; fileRef = 259A36121F2DA95C00F10298 /* ToolCell.m */; };
		259A36161F2DECE700F10298 /* ZyxImageTitleButton.m in Sources */ = {isa = PBXBuildFile; fileRef = 259A36151F2DECE700F10298 /* ZyxImageTitleButton.m */; };
		259A36191F2E329D00F10298 /* qiniu_bucket.svg in Resources */ = {isa = PBXBuildFile; fileRef = 259A36181F2E329D00F10298 /* qiniu_bucket.svg */; };
		259A362D1F2F8B2F00F10298 /* ResourceToolCell.m in Sources */ = {isa = PBXBuildFile; fileRef = 259A362C1F2F8B2F00F10298 /* ResourceToolCell.m */; };
		259A36371F30E72400F10298 /* QiniuDownloadManager.m in Sources */ = {isa = PBXBuildFile; fileRef = 259A36361F30E72400F10298 /* QiniuDownloadManager.m */; };
		25A1D00F1F23705E0018888F /* LaunchScreen.storyboard in Resources */ = {isa = PBXBuildFile; fileRef = 25A1D00E1F23705E0018888F /* LaunchScreen.storyboard */; };
		25A1D0121F23739F0018888F /* LocalMainViewController.m in Sources */ = {isa = PBXBuildFile; fileRef = 25A1D0111F23739F0018888F /* LocalMainViewController.m */; };
		498AA4796EED233602E72FF4 /* libPods-EasyUploader.a in Frameworks */ = {isa = PBXBuildFile; fileRef = 3C6103D32F9C3DE5A512B5EF /* libPods-EasyUploader.a */; };
		B2E4EFD313F359690997E2B5 /* libPods-EasyUploaderTests.a in Frameworks */ = {isa = PBXBuildFile; fileRef = CFD63AFD981F83625EDC9589 /* libPods-EasyUploaderTests.a */; };
		F89407846E1599FCA3F8E031 /* libPods-EasyUploaderUITests.a in Frameworks */ = {isa = PBXBuildFile; fileRef = 43B807D0790021F0E66A695D /* libPods-EasyUploaderUITests.a */; };
/* End PBXBuildFile section */

/* Begin PBXContainerItemProxy section */
		250392211E65C758002062F0 /* PBXContainerItemProxy */ = {
			isa = PBXContainerItemProxy;
			containerPortal = 250391FF1E65C758002062F0 /* Project object */;
			proxyType = 1;
			remoteGlobalIDString = 250392061E65C758002062F0;
			remoteInfo = EasyUploader;
		};
		2503922C1E65C758002062F0 /* PBXContainerItemProxy */ = {
			isa = PBXContainerItemProxy;
			containerPortal = 250391FF1E65C758002062F0 /* Project object */;
			proxyType = 1;
			remoteGlobalIDString = 250392061E65C758002062F0;
			remoteInfo = EasyUploader;
		};
/* End PBXContainerItemProxy section */

/* Begin PBXFileReference section */
		141355998B360EF108FD6CCF /* Pods-EasyUploaderTests.debug.xcconfig */ = {isa = PBXFileReference; includeInIndex = 1; lastKnownFileType = text.xcconfig; name = "Pods-EasyUploaderTests.debug.xcconfig"; path = "Pods/Target Support Files/Pods-EasyUploaderTests/Pods-EasyUploaderTests.debug.xcconfig"; sourceTree = "<group>"; };
		250392071E65C758002062F0 /* EasyUploader.app */ = {isa = PBXFileReference; explicitFileType = wrapper.application; includeInIndex = 0; path = EasyUploader.app; sourceTree = BUILT_PRODUCTS_DIR; };
		250392201E65C758002062F0 /* EasyUploaderTests.xctest */ = {isa = PBXFileReference; explicitFileType = wrapper.cfbundle; includeInIndex = 0; path = EasyUploaderTests.xctest; sourceTree = BUILT_PRODUCTS_DIR; };
		250392241E65C758002062F0 /* EasyUploaderTests.m */ = {isa = PBXFileReference; lastKnownFileType = sourcecode.c.objc; path = EasyUploaderTests.m; sourceTree = "<group>"; };
		250392261E65C758002062F0 /* Info.plist */ = {isa = PBXFileReference; lastKnownFileType = text.plist.xml; path = Info.plist; sourceTree = "<group>"; };
		2503922B1E65C758002062F0 /* EasyUploaderUITests.xctest */ = {isa = PBXFileReference; explicitFileType = wrapper.cfbundle; includeInIndex = 0; path = EasyUploaderUITests.xctest; sourceTree = BUILT_PRODUCTS_DIR; };
		2503922F1E65C758002062F0 /* EasyUploaderUITests.m */ = {isa = PBXFileReference; lastKnownFileType = sourcecode.c.objc; path = EasyUploaderUITests.m; sourceTree = "<group>"; };
		250392311E65C758002062F0 /* Info.plist */ = {isa = PBXFileReference; lastKnownFileType = text.plist.xml; path = Info.plist; sourceTree = "<group>"; };
		2508F35C1E7D7C3600217772 /* AssetsLibrary.framework */ = {isa = PBXFileReference; lastKnownFileType = wrapper.framework; name = AssetsLibrary.framework; path = System/Library/Frameworks/AssetsLibrary.framework; sourceTree = SDKROOT; };
		250F02151F28C16900438141 /* Macro.h */ = {isa = PBXFileReference; lastKnownFileType = sourcecode.c.h; path = Macro.h; sourceTree = "<group>"; };
		250F02161F28C3AB00438141 /* QiniuResouresViewController.h */ = {isa = PBXFileReference; fileEncoding = 4; lastKnownFileType = sourcecode.c.h; path = QiniuResouresViewController.h; sourceTree = "<group>"; };
		250F02171F28C3AB00438141 /* QiniuResouresViewController.m */ = {isa = PBXFileReference; fileEncoding = 4; lastKnownFileType = sourcecode.c.objc; path = QiniuResouresViewController.m; sourceTree = "<group>"; };
		250F02191F28F60B00438141 /* Common.h */ = {isa = PBXFileReference; lastKnownFileType = sourcecode.c.h; path = Common.h; sourceTree = "<group>"; };
		255E14FC1F2274B000411A67 /* UITextField+Padding.h */ = {isa = PBXFileReference; fileEncoding = 4; lastKnownFileType = sourcecode.c.h; path = "UITextField+Padding.h"; sourceTree = "<group>"; };
		255E14FD1F2274B000411A67 /* UITextField+Padding.m */ = {isa = PBXFileReference; fileEncoding = 4; lastKnownFileType = sourcecode.c.objc; path = "UITextField+Padding.m"; sourceTree = "<group>"; };
		255E14FE1F2274B000411A67 /* UIView+Frame.h */ = {isa = PBXFileReference; fileEncoding = 4; lastKnownFileType = sourcecode.c.h; path = "UIView+Frame.h"; sourceTree = "<group>"; };
		255E14FF1F2274B000411A67 /* UIView+Frame.m */ = {isa = PBXFileReference; fileEncoding = 4; lastKnownFileType = sourcecode.c.objc; path = "UIView+Frame.m"; sourceTree = "<group>"; };
		255E15011F2274B000411A67 /* DDLogCustomFormatter.h */ = {isa = PBXFileReference; fileEncoding = 4; lastKnownFileType = sourcecode.c.h; path = DDLogCustomFormatter.h; sourceTree = "<group>"; };
		255E15021F2274B000411A67 /* DDLogCustomFormatter.m */ = {isa = PBXFileReference; fileEncoding = 4; lastKnownFileType = sourcecode.c.objc; path = DDLogCustomFormatter.m; sourceTree = "<group>"; };
		255E15041F2274B000411A67 /* ZyxCommonMacro.h */ = {isa = PBXFileReference; fileEncoding = 4; lastKnownFileType = sourcecode.c.h; path = ZyxCommonMacro.h; sourceTree = "<group>"; };
		255E15051F2274B000411A67 /* ZyxSingleton.h */ = {isa = PBXFileReference; fileEncoding = 4; lastKnownFileType = sourcecode.c.h; path = ZyxSingleton.h; sourceTree = "<group>"; };
		255E15081F2274B000411A67 /* GTMBase64.h */ = {isa = PBXFileReference; fileEncoding = 4; lastKnownFileType = sourcecode.c.h; path = GTMBase64.h; sourceTree = "<group>"; };
		255E15091F2274B000411A67 /* GTMBase64.m */ = {isa = PBXFileReference; fileEncoding = 4; lastKnownFileType = sourcecode.c.objc; path = GTMBase64.m; sourceTree = "<group>"; };
		255E150B1F2274B000411A67 /* IPAddress.h */ = {isa = PBXFileReference; fileEncoding = 4; lastKnownFileType = sourcecode.c.h; path = IPAddress.h; sourceTree = "<group>"; };
		255E150C1F2274B000411A67 /* IPAddress.m */ = {isa = PBXFileReference; fileEncoding = 4; lastKnownFileType = sourcecode.c.objc; path = IPAddress.m; sourceTree = "<group>"; };
		255E150E1F2274B000411A67 /* KeychainItemWrapper.h */ = {isa = PBXFileReference; fileEncoding = 4; lastKnownFileType = sourcecode.c.h; path = KeychainItemWrapper.h; sourceTree = "<group>"; };
		255E150F1F2274B000411A67 /* KeychainItemWrapper.m */ = {isa = PBXFileReference; fileEncoding = 4; lastKnownFileType = sourcecode.c.objc; path = KeychainItemWrapper.m; sourceTree = "<group>"; };
		255E15111F2274B000411A67 /* ALAssetUtil.h */ = {isa = PBXFileReference; fileEncoding = 4; lastKnownFileType = sourcecode.c.h; path = ALAssetUtil.h; sourceTree = "<group>"; };
		255E15121F2274B000411A67 /* ALAssetUtil.m */ = {isa = PBXFileReference; fileEncoding = 4; lastKnownFileType = sourcecode.c.objc; path = ALAssetUtil.m; sourceTree = "<group>"; };
		255E15131F2274B000411A67 /* DateUtil.h */ = {isa = PBXFileReference; fileEncoding = 4; lastKnownFileType = sourcecode.c.h; path = DateUtil.h; sourceTree = "<group>"; };
		255E15141F2274B000411A67 /* DateUtil.m */ = {isa = PBXFileReference; fileEncoding = 4; lastKnownFileType = sourcecode.c.objc; path = DateUtil.m; sourceTree = "<group>"; };
		255E15151F2274B000411A67 /* DeviceUtil.h */ = {isa = PBXFileReference; fileEncoding = 4; lastKnownFileType = sourcecode.c.h; path = DeviceUtil.h; sourceTree = "<group>"; };
		255E15161F2274B000411A67 /* DeviceUtil.m */ = {isa = PBXFileReference; fileEncoding = 4; lastKnownFileType = sourcecode.c.objc; path = DeviceUtil.m; sourceTree = "<group>"; };
		255E15171F2274B000411A67 /* LanguagTranslateUtil.h */ = {isa = PBXFileReference; fileEncoding = 4; lastKnownFileType = sourcecode.c.h; path = LanguagTranslateUtil.h; sourceTree = "<group>"; };
		255E15181F2274B000411A67 /* LanguagTranslateUtil.m */ = {isa = PBXFileReference; fileEncoding = 4; lastKnownFileType = sourcecode.c.objc; path = LanguagTranslateUtil.m; sourceTree = "<group>"; };
		255E15191F2274B000411A67 /* StringUtil.h */ = {isa = PBXFileReference; fileEncoding = 4; lastKnownFileType = sourcecode.c.h; path = StringUtil.h; sourceTree = "<group>"; };
		255E151A1F2274B000411A67 /* StringUtil.m */ = {isa = PBXFileReference; fileEncoding = 4; lastKnownFileType = sourcecode.c.objc; path = StringUtil.m; sourceTree = "<group>"; };
		255E151C1F2274B000411A67 /* UINormalTableViewCell.h */ = {isa = PBXFileReference; fileEncoding = 4; lastKnownFileType = sourcecode.c.h; path = UINormalTableViewCell.h; sourceTree = "<group>"; };
		255E151D1F2274B000411A67 /* UINormalTableViewCell.m */ = {isa = PBXFileReference; fileEncoding = 4; lastKnownFileType = sourcecode.c.objc; path = UINormalTableViewCell.m; sourceTree = "<group>"; };
		255E151E1F2274B000411A67 /* ZyxPhotoCollectionViewCell.h */ = {isa = PBXFileReference; fileEncoding = 4; lastKnownFileType = sourcecode.c.h; path = ZyxPhotoCollectionViewCell.h; sourceTree = "<group>"; };
		255E151F1F2274B000411A67 /* ZyxPhotoCollectionViewCell.m */ = {isa = PBXFileReference; fileEncoding = 4; lastKnownFileType = sourcecode.c.objc; path = ZyxPhotoCollectionViewCell.m; sourceTree = "<group>"; };
		255E15211F2274B000411A67 /* BaseViewController.h */ = {isa = PBXFileReference; fileEncoding = 4; lastKnownFileType = sourcecode.c.h; path = BaseViewController.h; sourceTree = "<group>"; };
		255E15221F2274B000411A67 /* BaseViewController.m */ = {isa = PBXFileReference; fileEncoding = 4; lastKnownFileType = sourcecode.c.objc; path = BaseViewController.m; sourceTree = "<group>"; };
		255E15251F2274B000411A67 /* AlbumPhotosViewController.h */ = {isa = PBXFileReference; fileEncoding = 4; lastKnownFileType = sourcecode.c.h; path = AlbumPhotosViewController.h; sourceTree = "<group>"; };
		255E15261F2274B000411A67 /* AlbumPhotosViewController.m */ = {isa = PBXFileReference; fileEncoding = 4; lastKnownFileType = sourcecode.c.objc; path = AlbumPhotosViewController.m; sourceTree = "<group>"; };
		255E15271F2274B000411A67 /* ZyxPhotosViewController.h */ = {isa = PBXFileReference; fileEncoding = 4; lastKnownFileType = sourcecode.c.h; path = ZyxPhotosViewController.h; sourceTree = "<group>"; };
		255E15281F2274B000411A67 /* ZyxPhotosViewController.m */ = {isa = PBXFileReference; fileEncoding = 4; lastKnownFileType = sourcecode.c.objc; path = ZyxPhotosViewController.m; sourceTree = "<group>"; };
		255E15291F2274B000411A67 /* ZyxPickAlbumViewController.h */ = {isa = PBXFileReference; fileEncoding = 4; lastKnownFileType = sourcecode.c.h; path = ZyxPickAlbumViewController.h; sourceTree = "<group>"; };
		255E152A1F2274B000411A67 /* ZyxPickAlbumViewController.m */ = {isa = PBXFileReference; fileEncoding = 4; lastKnownFileType = sourcecode.c.objc; path = ZyxPickAlbumViewController.m; sourceTree = "<group>"; };
		255E152B1F2274B000411A67 /* ZyxPhotoManager.h */ = {isa = PBXFileReference; fileEncoding = 4; lastKnownFileType = sourcecode.c.h; path = ZyxPhotoManager.h; sourceTree = "<group>"; };
		255E152C1F2274B000411A67 /* ZyxPhotoManager.m */ = {isa = PBXFileReference; fileEncoding = 4; lastKnownFileType = sourcecode.c.objc; path = ZyxPhotoManager.m; sourceTree = "<group>"; };
		255E152E1F2274B000411A67 /* QiniuResourceManager.h */ = {isa = PBXFileReference; fileEncoding = 4; lastKnownFileType = sourcecode.c.h; path = QiniuResourceManager.h; sourceTree = "<group>"; };
		255E152F1F2274B000411A67 /* QiniuResourceManager.m */ = {isa = PBXFileReference; fileEncoding = 4; lastKnownFileType = sourcecode.c.objc; path = QiniuResourceManager.m; sourceTree = "<group>"; };
		255E15301F2274B000411A67 /* QiniuUploadManager.h */ = {isa = PBXFileReference; fileEncoding = 4; lastKnownFileType = sourcecode.c.h; path = QiniuUploadManager.h; sourceTree = "<group>"; };
		255E15311F2274B000411A67 /* QiniuUploadManager.m */ = {isa = PBXFileReference; fileEncoding = 4; lastKnownFileType = sourcecode.c.objc; path = QiniuUploadManager.m; sourceTree = "<group>"; };
		255E15471F22778700411A67 /* AppDelegate.h */ = {isa = PBXFileReference; fileEncoding = 4; lastKnownFileType = sourcecode.c.h; path = AppDelegate.h; sourceTree = "<group>"; };
		255E15481F22778700411A67 /* AppDelegate.m */ = {isa = PBXFileReference; fileEncoding = 4; lastKnownFileType = sourcecode.c.objc; path = AppDelegate.m; sourceTree = "<group>"; };
		255E15491F22778700411A67 /* Assets.xcassets */ = {isa = PBXFileReference; lastKnownFileType = folder.assetcatalog; path = Assets.xcassets; sourceTree = "<group>"; };
		255E154C1F22778700411A67 /* en.plist */ = {isa = PBXFileReference; fileEncoding = 4; lastKnownFileType = text.plist.xml; path = en.plist; sourceTree = "<group>"; };
		255E154D1F22778700411A67 /* Info.plist */ = {isa = PBXFileReference; fileEncoding = 4; lastKnownFileType = text.plist.xml; path = Info.plist; sourceTree = "<group>"; };
		255E154E1F22778700411A67 /* main.m */ = {isa = PBXFileReference; fileEncoding = 4; lastKnownFileType = sourcecode.c.objc; path = main.m; sourceTree = "<group>"; };
		255E154F1F22778700411A67 /* PrefixHeader.pch */ = {isa = PBXFileReference; fileEncoding = 4; lastKnownFileType = sourcecode.c.h; path = PrefixHeader.pch; sourceTree = "<group>"; };
		255E15501F22778700411A67 /* QiniuMainViewController.h */ = {isa = PBXFileReference; fileEncoding = 4; lastKnownFileType = sourcecode.c.h; name = QiniuMainViewController.h; path = ../AppMain/QiniuMainViewController.h; sourceTree = "<group>"; };
		255E15511F22778700411A67 /* QiniuMainViewController.m */ = {isa = PBXFileReference; fileEncoding = 4; lastKnownFileType = sourcecode.c.objc; name = QiniuMainViewController.m; path = ../AppMain/QiniuMainViewController.m; sourceTree = "<group>"; };
		255E15521F22778700411A67 /* zh-Hans.plist */ = {isa = PBXFileReference; fileEncoding = 4; lastKnownFileType = text.plist.xml; path = "zh-Hans.plist"; sourceTree = "<group>"; };
		255E155C1F227A5600411A67 /* QiniuBucket.h */ = {isa = PBXFileReference; fileEncoding = 4; lastKnownFileType = sourcecode.c.h; path = QiniuBucket.h; sourceTree = "<group>"; };
		255E155D1F227A5600411A67 /* QiniuBucket.m */ = {isa = PBXFileReference; fileEncoding = 4; lastKnownFileType = sourcecode.c.objc; path = QiniuBucket.m; sourceTree = "<group>"; };
		255E155F1F227A6A00411A67 /* QiniuResource.h */ = {isa = PBXFileReference; fileEncoding = 4; lastKnownFileType = sourcecode.c.h; path = QiniuResource.h; sourceTree = "<group>"; };
		255E15601F227A6A00411A67 /* QiniuResource.m */ = {isa = PBXFileReference; fileEncoding = 4; lastKnownFileType = sourcecode.c.objc; path = QiniuResource.m; sourceTree = "<group>"; };
		259A360E1F2B71B200F10298 /* QiniuBucketViewModel.h */ = {isa = PBXFileReference; fileEncoding = 4; lastKnownFileType = sourcecode.c.h; path = QiniuBucketViewModel.h; sourceTree = "<group>"; };
		259A360F1F2B71B200F10298 /* QiniuBucketViewModel.m */ = {isa = PBXFileReference; fileEncoding = 4; lastKnownFileType = sourcecode.c.objc; path = QiniuBucketViewModel.m; sourceTree = "<group>"; };
		259A36111F2DA95C00F10298 /* ToolCell.h */ = {isa = PBXFileReference; fileEncoding = 4; lastKnownFileType = sourcecode.c.h; path = ToolCell.h; sourceTree = "<group>"; };
		259A36121F2DA95C00F10298 /* ToolCell.m */ = {isa = PBXFileReference; fileEncoding = 4; lastKnownFileType = sourcecode.c.objc; path = ToolCell.m; sourceTree = "<group>"; };
		259A36141F2DECE700F10298 /* ZyxImageTitleButton.h */ = {isa = PBXFileReference; fileEncoding = 4; lastKnownFileType = sourcecode.c.h; path = ZyxImageTitleButton.h; sourceTree = "<group>"; };
		259A36151F2DECE700F10298 /* ZyxImageTitleButton.m */ = {isa = PBXFileReference; fileEncoding = 4; lastKnownFileType = sourcecode.c.objc; path = ZyxImageTitleButton.m; sourceTree = "<group>"; };
		259A36181F2E329D00F10298 /* qiniu_bucket.svg */ = {isa = PBXFileReference; fileEncoding = 4; lastKnownFileType = text; path = qiniu_bucket.svg; sourceTree = "<group>"; };
		259A362B1F2F8B2F00F10298 /* ResourceToolCell.h */ = {isa = PBXFileReference; fileEncoding = 4; lastKnownFileType = sourcecode.c.h; path = ResourceToolCell.h; sourceTree = "<group>"; };
		259A362C1F2F8B2F00F10298 /* ResourceToolCell.m */ = {isa = PBXFileReference; fileEncoding = 4; lastKnownFileType = sourcecode.c.objc; path = ResourceToolCell.m; sourceTree = "<group>"; };
		259A36351F30E72400F10298 /* QiniuDownloadManager.h */ = {isa = PBXFileReference; fileEncoding = 4; lastKnownFileType = sourcecode.c.h; path = QiniuDownloadManager.h; sourceTree = "<group>"; };
		259A36361F30E72400F10298 /* QiniuDownloadManager.m */ = {isa = PBXFileReference; fileEncoding = 4; lastKnownFileType = sourcecode.c.objc; path = QiniuDownloadManager.m; sourceTree = "<group>"; };
		25A1D00E1F23705E0018888F /* LaunchScreen.storyboard */ = {isa = PBXFileReference; fileEncoding = 4; lastKnownFileType = file.storyboard; path = LaunchScreen.storyboard; sourceTree = "<group>"; };
		25A1D0101F23739F0018888F /* LocalMainViewController.h */ = {isa = PBXFileReference; fileEncoding = 4; lastKnownFileType = sourcecode.c.h; name = LocalMainViewController.h; path = ../AppMain/LocalMainViewController.h; sourceTree = "<group>"; };
		25A1D0111F23739F0018888F /* LocalMainViewController.m */ = {isa = PBXFileReference; fileEncoding = 4; lastKnownFileType = sourcecode.c.objc; name = LocalMainViewController.m; path = ../AppMain/LocalMainViewController.m; sourceTree = "<group>"; };
		2F42ACAF98A07D299C55D3BD /* Pods-EasyUploader.release.xcconfig */ = {isa = PBXFileReference; includeInIndex = 1; lastKnownFileType = text.xcconfig; name = "Pods-EasyUploader.release.xcconfig"; path = "Pods/Target Support Files/Pods-EasyUploader/Pods-EasyUploader.release.xcconfig"; sourceTree = "<group>"; };
		3C6103D32F9C3DE5A512B5EF /* libPods-EasyUploader.a */ = {isa = PBXFileReference; explicitFileType = archive.ar; includeInIndex = 0; path = "libPods-EasyUploader.a"; sourceTree = BUILT_PRODUCTS_DIR; };
		3F06F99B7DAEEABA4061A1A2 /* Pods-EasyUploaderTests.release.xcconfig */ = {isa = PBXFileReference; includeInIndex = 1; lastKnownFileType = text.xcconfig; name = "Pods-EasyUploaderTests.release.xcconfig"; path = "Pods/Target Support Files/Pods-EasyUploaderTests/Pods-EasyUploaderTests.release.xcconfig"; sourceTree = "<group>"; };
		43B807D0790021F0E66A695D /* libPods-EasyUploaderUITests.a */ = {isa = PBXFileReference; explicitFileType = archive.ar; includeInIndex = 0; path = "libPods-EasyUploaderUITests.a"; sourceTree = BUILT_PRODUCTS_DIR; };
		57B3ED3706C1B5A374CAAA99 /* Pods-EasyUploader.debug.xcconfig */ = {isa = PBXFileReference; includeInIndex = 1; lastKnownFileType = text.xcconfig; name = "Pods-EasyUploader.debug.xcconfig"; path = "Pods/Target Support Files/Pods-EasyUploader/Pods-EasyUploader.debug.xcconfig"; sourceTree = "<group>"; };
		BCDF4CA43941228D9001A3ED /* Pods-EasyUploaderUITests.debug.xcconfig */ = {isa = PBXFileReference; includeInIndex = 1; lastKnownFileType = text.xcconfig; name = "Pods-EasyUploaderUITests.debug.xcconfig"; path = "Pods/Target Support Files/Pods-EasyUploaderUITests/Pods-EasyUploaderUITests.debug.xcconfig"; sourceTree = "<group>"; };
		CFD63AFD981F83625EDC9589 /* libPods-EasyUploaderTests.a */ = {isa = PBXFileReference; explicitFileType = archive.ar; includeInIndex = 0; path = "libPods-EasyUploaderTests.a"; sourceTree = BUILT_PRODUCTS_DIR; };
		F7E73488722F1D84565EC9FB /* Pods-EasyUploaderUITests.release.xcconfig */ = {isa = PBXFileReference; includeInIndex = 1; lastKnownFileType = text.xcconfig; name = "Pods-EasyUploaderUITests.release.xcconfig"; path = "Pods/Target Support Files/Pods-EasyUploaderUITests/Pods-EasyUploaderUITests.release.xcconfig"; sourceTree = "<group>"; };
/* End PBXFileReference section */

/* Begin PBXFrameworksBuildPhase section */
		250392041E65C758002062F0 /* Frameworks */ = {
			isa = PBXFrameworksBuildPhase;
			buildActionMask = 2147483647;
			files = (
				2508F35D1E7D7C3600217772 /* AssetsLibrary.framework in Frameworks */,
				498AA4796EED233602E72FF4 /* libPods-EasyUploader.a in Frameworks */,
			);
			runOnlyForDeploymentPostprocessing = 0;
		};
		2503921D1E65C758002062F0 /* Frameworks */ = {
			isa = PBXFrameworksBuildPhase;
			buildActionMask = 2147483647;
			files = (
				B2E4EFD313F359690997E2B5 /* libPods-EasyUploaderTests.a in Frameworks */,
			);
			runOnlyForDeploymentPostprocessing = 0;
		};
		250392281E65C758002062F0 /* Frameworks */ = {
			isa = PBXFrameworksBuildPhase;
			buildActionMask = 2147483647;
			files = (
				F89407846E1599FCA3F8E031 /* libPods-EasyUploaderUITests.a in Frameworks */,
			);
			runOnlyForDeploymentPostprocessing = 0;
		};
/* End PBXFrameworksBuildPhase section */

/* Begin PBXGroup section */
		250391FE1E65C758002062F0 = {
			isa = PBXGroup;
			children = (
				250392091E65C758002062F0 /* EasyUploader */,
				250392231E65C758002062F0 /* EasyUploaderTests */,
				2503922E1E65C758002062F0 /* EasyUploaderUITests */,
				250392081E65C758002062F0 /* Products */,
				5D8780288547C981C44BD48A /* Pods */,
				E52281758AD8CBAB7BD9F71F /* Frameworks */,
			);
			sourceTree = "<group>";
		};
		250392081E65C758002062F0 /* Products */ = {
			isa = PBXGroup;
			children = (
				250392071E65C758002062F0 /* EasyUploader.app */,
				250392201E65C758002062F0 /* EasyUploaderTests.xctest */,
				2503922B1E65C758002062F0 /* EasyUploaderUITests.xctest */,
			);
			name = Products;
			sourceTree = "<group>";
		};
		250392091E65C758002062F0 /* EasyUploader */ = {
			isa = PBXGroup;
			children = (
				255E15461F22778700411A67 /* AppMain */,
				255E14FA1F2274B000411A67 /* Common */,
				255E15231F2274B000411A67 /* LocalResource */,
				255E152D1F2274B000411A67 /* QiniuResource */,
			);
			path = EasyUploader;
			sourceTree = "<group>";
		};
		250392231E65C758002062F0 /* EasyUploaderTests */ = {
			isa = PBXGroup;
			children = (
				250392241E65C758002062F0 /* EasyUploaderTests.m */,
				250392261E65C758002062F0 /* Info.plist */,
			);
			path = EasyUploaderTests;
			sourceTree = "<group>";
		};
		2503922E1E65C758002062F0 /* EasyUploaderUITests */ = {
			isa = PBXGroup;
			children = (
				2503922F1E65C758002062F0 /* EasyUploaderUITests.m */,
				250392311E65C758002062F0 /* Info.plist */,
			);
			path = EasyUploaderUITests;
			sourceTree = "<group>";
		};
		255E14FA1F2274B000411A67 /* Common */ = {
			isa = PBXGroup;
			children = (
				250F02191F28F60B00438141 /* Common.h */,
				255E14FB1F2274B000411A67 /* Extension */,
				255E15001F2274B000411A67 /* Log */,
				255E15031F2274B000411A67 /* Macro */,
				255E15061F2274B000411A67 /* ThirdParty */,
				255E15101F2274B000411A67 /* Utils */,
				255E151B1F2274B000411A67 /* View */,
				255E15201F2274B000411A67 /* ViewController */,
			);
			path = Common;
			sourceTree = "<group>";
		};
		255E14FB1F2274B000411A67 /* Extension */ = {
			isa = PBXGroup;
			children = (
				255E14FC1F2274B000411A67 /* UITextField+Padding.h */,
				255E14FD1F2274B000411A67 /* UITextField+Padding.m */,
				255E14FE1F2274B000411A67 /* UIView+Frame.h */,
				255E14FF1F2274B000411A67 /* UIView+Frame.m */,
			);
			path = Extension;
			sourceTree = "<group>";
		};
		255E15001F2274B000411A67 /* Log */ = {
			isa = PBXGroup;
			children = (
				255E15011F2274B000411A67 /* DDLogCustomFormatter.h */,
				255E15021F2274B000411A67 /* DDLogCustomFormatter.m */,
			);
			path = Log;
			sourceTree = "<group>";
		};
		255E15031F2274B000411A67 /* Macro */ = {
			isa = PBXGroup;
			children = (
				255E15041F2274B000411A67 /* ZyxCommonMacro.h */,
				255E15051F2274B000411A67 /* ZyxSingleton.h */,
				250F02151F28C16900438141 /* Macro.h */,
			);
			path = Macro;
			sourceTree = "<group>";
		};
		255E15061F2274B000411A67 /* ThirdParty */ = {
			isa = PBXGroup;
			children = (
				255E15071F2274B000411A67 /* GTMBase64 */,
				255E150A1F2274B000411A67 /* IPAddress */,
				255E150D1F2274B000411A67 /* KeychainWrapper */,
			);
			path = ThirdParty;
			sourceTree = "<group>";
		};
		255E15071F2274B000411A67 /* GTMBase64 */ = {
			isa = PBXGroup;
			children = (
				255E15081F2274B000411A67 /* GTMBase64.h */,
				255E15091F2274B000411A67 /* GTMBase64.m */,
			);
			path = GTMBase64;
			sourceTree = "<group>";
		};
		255E150A1F2274B000411A67 /* IPAddress */ = {
			isa = PBXGroup;
			children = (
				255E150B1F2274B000411A67 /* IPAddress.h */,
				255E150C1F2274B000411A67 /* IPAddress.m */,
			);
			path = IPAddress;
			sourceTree = "<group>";
		};
		255E150D1F2274B000411A67 /* KeychainWrapper */ = {
			isa = PBXGroup;
			children = (
				255E150E1F2274B000411A67 /* KeychainItemWrapper.h */,
				255E150F1F2274B000411A67 /* KeychainItemWrapper.m */,
			);
			path = KeychainWrapper;
			sourceTree = "<group>";
		};
		255E15101F2274B000411A67 /* Utils */ = {
			isa = PBXGroup;
			children = (
				255E15111F2274B000411A67 /* ALAssetUtil.h */,
				255E15121F2274B000411A67 /* ALAssetUtil.m */,
				255E15131F2274B000411A67 /* DateUtil.h */,
				255E15141F2274B000411A67 /* DateUtil.m */,
				255E15151F2274B000411A67 /* DeviceUtil.h */,
				255E15161F2274B000411A67 /* DeviceUtil.m */,
				255E15171F2274B000411A67 /* LanguagTranslateUtil.h */,
				255E15181F2274B000411A67 /* LanguagTranslateUtil.m */,
				255E15191F2274B000411A67 /* StringUtil.h */,
				255E151A1F2274B000411A67 /* StringUtil.m */,
			);
			path = Utils;
			sourceTree = "<group>";
		};
		255E151B1F2274B000411A67 /* View */ = {
			isa = PBXGroup;
			children = (
				259A362B1F2F8B2F00F10298 /* ResourceToolCell.h */,
				259A362C1F2F8B2F00F10298 /* ResourceToolCell.m */,
				259A36111F2DA95C00F10298 /* ToolCell.h */,
				259A36121F2DA95C00F10298 /* ToolCell.m */,
				255E151C1F2274B000411A67 /* UINormalTableViewCell.h */,
				255E151D1F2274B000411A67 /* UINormalTableViewCell.m */,
				259A36141F2DECE700F10298 /* ZyxImageTitleButton.h */,
				259A36151F2DECE700F10298 /* ZyxImageTitleButton.m */,
				255E151E1F2274B000411A67 /* ZyxPhotoCollectionViewCell.h */,
				255E151F1F2274B000411A67 /* ZyxPhotoCollectionViewCell.m */,
			);
			path = View;
			sourceTree = "<group>";
		};
		255E15201F2274B000411A67 /* ViewController */ = {
			isa = PBXGroup;
			children = (
				255E15211F2274B000411A67 /* BaseViewController.h */,
				255E15221F2274B000411A67 /* BaseViewController.m */,
			);
			path = ViewController;
			sourceTree = "<group>";
		};
		255E15231F2274B000411A67 /* LocalResource */ = {
			isa = PBXGroup;
			children = (
				255E15241F2274B000411A67 /* Album */,
				25A1D0101F23739F0018888F /* LocalMainViewController.h */,
				25A1D0111F23739F0018888F /* LocalMainViewController.m */,
				255E152B1F2274B000411A67 /* ZyxPhotoManager.h */,
				255E152C1F2274B000411A67 /* ZyxPhotoManager.m */,
			);
			path = LocalResource;
			sourceTree = "<group>";
		};
		255E15241F2274B000411A67 /* Album */ = {
			isa = PBXGroup;
			children = (
				255E15251F2274B000411A67 /* AlbumPhotosViewController.h */,
				255E15261F2274B000411A67 /* AlbumPhotosViewController.m */,
				255E15271F2274B000411A67 /* ZyxPhotosViewController.h */,
				255E15281F2274B000411A67 /* ZyxPhotosViewController.m */,
				255E15291F2274B000411A67 /* ZyxPickAlbumViewController.h */,
				255E152A1F2274B000411A67 /* ZyxPickAlbumViewController.m */,
			);
			path = Album;
			sourceTree = "<group>";
		};
		255E152D1F2274B000411A67 /* QiniuResource */ = {
			isa = PBXGroup;
			children = (
				255E155B1F227A4100411A67 /* Model */,
				255E15501F22778700411A67 /* QiniuMainViewController.h */,
				255E15511F22778700411A67 /* QiniuMainViewController.m */,
				255E152E1F2274B000411A67 /* QiniuResourceManager.h */,
				255E152F1F2274B000411A67 /* QiniuResourceManager.m */,
				250F02161F28C3AB00438141 /* QiniuResouresViewController.h */,
				250F02171F28C3AB00438141 /* QiniuResouresViewController.m */,
				255E15301F2274B000411A67 /* QiniuUploadManager.h */,
				255E15311F2274B000411A67 /* QiniuUploadManager.m */,
				259A36351F30E72400F10298 /* QiniuDownloadManager.h */,
				259A36361F30E72400F10298 /* QiniuDownloadManager.m */,
			);
			path = QiniuResource;
			sourceTree = "<group>";
		};
		255E15461F22778700411A67 /* AppMain */ = {
			isa = PBXGroup;
			children = (
				259A36171F2E329D00F10298 /* svg */,
				255E15471F22778700411A67 /* AppDelegate.h */,
				255E15481F22778700411A67 /* AppDelegate.m */,
				255E15491F22778700411A67 /* Assets.xcassets */,
				255E154C1F22778700411A67 /* en.plist */,
				255E154D1F22778700411A67 /* Info.plist */,
				255E154E1F22778700411A67 /* main.m */,
				255E154F1F22778700411A67 /* PrefixHeader.pch */,
				255E15521F22778700411A67 /* zh-Hans.plist */,
				25A1D00E1F23705E0018888F /* LaunchScreen.storyboard */,
			);
			path = AppMain;
			sourceTree = "<group>";
		};
		255E155B1F227A4100411A67 /* Model */ = {
			isa = PBXGroup;
			children = (
				255E155C1F227A5600411A67 /* QiniuBucket.h */,
				255E155D1F227A5600411A67 /* QiniuBucket.m */,
				259A360E1F2B71B200F10298 /* QiniuBucketViewModel.h */,
				259A360F1F2B71B200F10298 /* QiniuBucketViewModel.m */,
				255E155F1F227A6A00411A67 /* QiniuResource.h */,
				255E15601F227A6A00411A67 /* QiniuResource.m */,
			);
			path = Model;
			sourceTree = "<group>";
		};
		259A36171F2E329D00F10298 /* svg */ = {
			isa = PBXGroup;
			children = (
				259A36181F2E329D00F10298 /* qiniu_bucket.svg */,
			);
			path = svg;
			sourceTree = "<group>";
		};
		5D8780288547C981C44BD48A /* Pods */ = {
			isa = PBXGroup;
			children = (
				57B3ED3706C1B5A374CAAA99 /* Pods-EasyUploader.debug.xcconfig */,
				2F42ACAF98A07D299C55D3BD /* Pods-EasyUploader.release.xcconfig */,
				141355998B360EF108FD6CCF /* Pods-EasyUploaderTests.debug.xcconfig */,
				3F06F99B7DAEEABA4061A1A2 /* Pods-EasyUploaderTests.release.xcconfig */,
				BCDF4CA43941228D9001A3ED /* Pods-EasyUploaderUITests.debug.xcconfig */,
				F7E73488722F1D84565EC9FB /* Pods-EasyUploaderUITests.release.xcconfig */,
			);
			name = Pods;
			sourceTree = "<group>";
		};
		E52281758AD8CBAB7BD9F71F /* Frameworks */ = {
			isa = PBXGroup;
			children = (
				2508F35C1E7D7C3600217772 /* AssetsLibrary.framework */,
				3C6103D32F9C3DE5A512B5EF /* libPods-EasyUploader.a */,
				CFD63AFD981F83625EDC9589 /* libPods-EasyUploaderTests.a */,
				43B807D0790021F0E66A695D /* libPods-EasyUploaderUITests.a */,
			);
			name = Frameworks;
			sourceTree = "<group>";
		};
/* End PBXGroup section */

/* Begin PBXNativeTarget section */
		250392061E65C758002062F0 /* EasyUploader */ = {
			isa = PBXNativeTarget;
			buildConfigurationList = 250392341E65C758002062F0 /* Build configuration list for PBXNativeTarget "EasyUploader" */;
			buildPhases = (
				5FA0E6759C139D2553AE6730 /* [CP] Check Pods Manifest.lock */,
				250392031E65C758002062F0 /* Sources */,
				250392041E65C758002062F0 /* Frameworks */,
				250392051E65C758002062F0 /* Resources */,
				0977843D3590AF5CF80C2A09 /* [CP] Embed Pods Frameworks */,
				B3F14DCA3D1898806444E5A8 /* [CP] Copy Pods Resources */,
			);
			buildRules = (
			);
			dependencies = (
			);
			name = EasyUploader;
			productName = EasyUploader;
			productReference = 250392071E65C758002062F0 /* EasyUploader.app */;
			productType = "com.apple.product-type.application";
		};
		2503921F1E65C758002062F0 /* EasyUploaderTests */ = {
			isa = PBXNativeTarget;
			buildConfigurationList = 250392371E65C758002062F0 /* Build configuration list for PBXNativeTarget "EasyUploaderTests" */;
			buildPhases = (
				950010540D8446A0BDB0651A /* [CP] Check Pods Manifest.lock */,
				2503921C1E65C758002062F0 /* Sources */,
				2503921D1E65C758002062F0 /* Frameworks */,
				2503921E1E65C758002062F0 /* Resources */,
				C0B07E7F1A8C1EBAA93842B7 /* [CP] Embed Pods Frameworks */,
				5CE7E124BE6D6EDB7055DF1D /* [CP] Copy Pods Resources */,
			);
			buildRules = (
			);
			dependencies = (
				250392221E65C758002062F0 /* PBXTargetDependency */,
			);
			name = EasyUploaderTests;
			productName = EasyUploaderTests;
			productReference = 250392201E65C758002062F0 /* EasyUploaderTests.xctest */;
			productType = "com.apple.product-type.bundle.unit-test";
		};
		2503922A1E65C758002062F0 /* EasyUploaderUITests */ = {
			isa = PBXNativeTarget;
			buildConfigurationList = 2503923A1E65C758002062F0 /* Build configuration list for PBXNativeTarget "EasyUploaderUITests" */;
			buildPhases = (
				9326058B9F2A3DBE4F94BF1F /* [CP] Check Pods Manifest.lock */,
				250392271E65C758002062F0 /* Sources */,
				250392281E65C758002062F0 /* Frameworks */,
				250392291E65C758002062F0 /* Resources */,
				14EC554394F0CD211AC747B3 /* [CP] Embed Pods Frameworks */,
				759E4751A9246505E08D50E2 /* [CP] Copy Pods Resources */,
			);
			buildRules = (
			);
			dependencies = (
				2503922D1E65C758002062F0 /* PBXTargetDependency */,
			);
			name = EasyUploaderUITests;
			productName = EasyUploaderUITests;
			productReference = 2503922B1E65C758002062F0 /* EasyUploaderUITests.xctest */;
			productType = "com.apple.product-type.bundle.ui-testing";
		};
/* End PBXNativeTarget section */

/* Begin PBXProject section */
		250391FF1E65C758002062F0 /* Project object */ = {
			isa = PBXProject;
			attributes = {
				LastUpgradeCheck = 0820;
				ORGANIZATIONNAME = zhouyong;
				TargetAttributes = {
					250392061E65C758002062F0 = {
						CreatedOnToolsVersion = 8.2.1;
						ProvisioningStyle = Automatic;
					};
					2503921F1E65C758002062F0 = {
						CreatedOnToolsVersion = 8.2.1;
						ProvisioningStyle = Automatic;
						TestTargetID = 250392061E65C758002062F0;
					};
					2503922A1E65C758002062F0 = {
						CreatedOnToolsVersion = 8.2.1;
						ProvisioningStyle = Automatic;
						TestTargetID = 250392061E65C758002062F0;
					};
				};
			};
			buildConfigurationList = 250392021E65C758002062F0 /* Build configuration list for PBXProject "EasyUploader" */;
			compatibilityVersion = "Xcode 3.2";
			developmentRegion = English;
			hasScannedForEncodings = 0;
			knownRegions = (
				en,
				Base,
			);
			mainGroup = 250391FE1E65C758002062F0;
			productRefGroup = 250392081E65C758002062F0 /* Products */;
			projectDirPath = "";
			projectRoot = "";
			targets = (
				250392061E65C758002062F0 /* EasyUploader */,
				2503921F1E65C758002062F0 /* EasyUploaderTests */,
				2503922A1E65C758002062F0 /* EasyUploaderUITests */,
			);
		};
/* End PBXProject section */

/* Begin PBXResourcesBuildPhase section */
		250392051E65C758002062F0 /* Resources */ = {
			isa = PBXResourcesBuildPhase;
			buildActionMask = 2147483647;
			files = (
				255E155A1F22778700411A67 /* zh-Hans.plist in Resources */,
				255E15571F22778700411A67 /* Info.plist in Resources */,
				255E15561F22778700411A67 /* en.plist in Resources */,
				259A36191F2E329D00F10298 /* qiniu_bucket.svg in Resources */,
				25A1D00F1F23705E0018888F /* LaunchScreen.storyboard in Resources */,
				255E15541F22778700411A67 /* Assets.xcassets in Resources */,
			);
			runOnlyForDeploymentPostprocessing = 0;
		};
		2503921E1E65C758002062F0 /* Resources */ = {
			isa = PBXResourcesBuildPhase;
			buildActionMask = 2147483647;
			files = (
			);
			runOnlyForDeploymentPostprocessing = 0;
		};
		250392291E65C758002062F0 /* Resources */ = {
			isa = PBXResourcesBuildPhase;
			buildActionMask = 2147483647;
			files = (
			);
			runOnlyForDeploymentPostprocessing = 0;
		};
/* End PBXResourcesBuildPhase section */

/* Begin PBXShellScriptBuildPhase section */
		0977843D3590AF5CF80C2A09 /* [CP] Embed Pods Frameworks */ = {
			isa = PBXShellScriptBuildPhase;
			buildActionMask = 2147483647;
			files = (
			);
			inputPaths = (
			);
			name = "[CP] Embed Pods Frameworks";
			outputPaths = (
			);
			runOnlyForDeploymentPostprocessing = 0;
			shellPath = /bin/sh;
			shellScript = "\"${SRCROOT}/Pods/Target Support Files/Pods-EasyUploader/Pods-EasyUploader-frameworks.sh\"\n";
			showEnvVarsInLog = 0;
		};
		14EC554394F0CD211AC747B3 /* [CP] Embed Pods Frameworks */ = {
			isa = PBXShellScriptBuildPhase;
			buildActionMask = 2147483647;
			files = (
			);
			inputPaths = (
			);
			name = "[CP] Embed Pods Frameworks";
			outputPaths = (
			);
			runOnlyForDeploymentPostprocessing = 0;
			shellPath = /bin/sh;
			shellScript = "\"${SRCROOT}/Pods/Target Support Files/Pods-EasyUploaderUITests/Pods-EasyUploaderUITests-frameworks.sh\"\n";
			showEnvVarsInLog = 0;
		};
		5CE7E124BE6D6EDB7055DF1D /* [CP] Copy Pods Resources */ = {
			isa = PBXShellScriptBuildPhase;
			buildActionMask = 2147483647;
			files = (
			);
			inputPaths = (
			);
			name = "[CP] Copy Pods Resources";
			outputPaths = (
			);
			runOnlyForDeploymentPostprocessing = 0;
			shellPath = /bin/sh;
			shellScript = "\"${SRCROOT}/Pods/Target Support Files/Pods-EasyUploaderTests/Pods-EasyUploaderTests-resources.sh\"\n";
			showEnvVarsInLog = 0;
		};
		5FA0E6759C139D2553AE6730 /* [CP] Check Pods Manifest.lock */ = {
			isa = PBXShellScriptBuildPhase;
			buildActionMask = 2147483647;
			files = (
			);
			inputPaths = (
			);
			name = "[CP] Check Pods Manifest.lock";
			outputPaths = (
			);
			runOnlyForDeploymentPostprocessing = 0;
			shellPath = /bin/sh;
			shellScript = "diff \"${PODS_ROOT}/../Podfile.lock\" \"${PODS_ROOT}/Manifest.lock\" > /dev/null\nif [ $? != 0 ] ; then\n    # print error to STDERR\n    echo \"error: The sandbox is not in sync with the Podfile.lock. Run 'pod install' or update your CocoaPods installation.\" >&2\n    exit 1\nfi\n";
			showEnvVarsInLog = 0;
		};
		759E4751A9246505E08D50E2 /* [CP] Copy Pods Resources */ = {
			isa = PBXShellScriptBuildPhase;
			buildActionMask = 2147483647;
			files = (
			);
			inputPaths = (
			);
			name = "[CP] Copy Pods Resources";
			outputPaths = (
			);
			runOnlyForDeploymentPostprocessing = 0;
			shellPath = /bin/sh;
			shellScript = "\"${SRCROOT}/Pods/Target Support Files/Pods-EasyUploaderUITests/Pods-EasyUploaderUITests-resources.sh\"\n";
			showEnvVarsInLog = 0;
		};
		9326058B9F2A3DBE4F94BF1F /* [CP] Check Pods Manifest.lock */ = {
			isa = PBXShellScriptBuildPhase;
			buildActionMask = 2147483647;
			files = (
			);
			inputPaths = (
			);
			name = "[CP] Check Pods Manifest.lock";
			outputPaths = (
			);
			runOnlyForDeploymentPostprocessing = 0;
			shellPath = /bin/sh;
			shellScript = "diff \"${PODS_ROOT}/../Podfile.lock\" \"${PODS_ROOT}/Manifest.lock\" > /dev/null\nif [ $? != 0 ] ; then\n    # print error to STDERR\n    echo \"error: The sandbox is not in sync with the Podfile.lock. Run 'pod install' or update your CocoaPods installation.\" >&2\n    exit 1\nfi\n";
			showEnvVarsInLog = 0;
		};
		950010540D8446A0BDB0651A /* [CP] Check Pods Manifest.lock */ = {
			isa = PBXShellScriptBuildPhase;
			buildActionMask = 2147483647;
			files = (
			);
			inputPaths = (
			);
			name = "[CP] Check Pods Manifest.lock";
			outputPaths = (
			);
			runOnlyForDeploymentPostprocessing = 0;
			shellPath = /bin/sh;
			shellScript = "diff \"${PODS_ROOT}/../Podfile.lock\" \"${PODS_ROOT}/Manifest.lock\" > /dev/null\nif [ $? != 0 ] ; then\n    # print error to STDERR\n    echo \"error: The sandbox is not in sync with the Podfile.lock. Run 'pod install' or update your CocoaPods installation.\" >&2\n    exit 1\nfi\n";
			showEnvVarsInLog = 0;
		};
		B3F14DCA3D1898806444E5A8 /* [CP] Copy Pods Resources */ = {
			isa = PBXShellScriptBuildPhase;
			buildActionMask = 2147483647;
			files = (
			);
			inputPaths = (
			);
			name = "[CP] Copy Pods Resources";
			outputPaths = (
			);
			runOnlyForDeploymentPostprocessing = 0;
			shellPath = /bin/sh;
			shellScript = "\"${SRCROOT}/Pods/Target Support Files/Pods-EasyUploader/Pods-EasyUploader-resources.sh\"\n";
			showEnvVarsInLog = 0;
		};
		C0B07E7F1A8C1EBAA93842B7 /* [CP] Embed Pods Frameworks */ = {
			isa = PBXShellScriptBuildPhase;
			buildActionMask = 2147483647;
			files = (
			);
			inputPaths = (
			);
			name = "[CP] Embed Pods Frameworks";
			outputPaths = (
			);
			runOnlyForDeploymentPostprocessing = 0;
			shellPath = /bin/sh;
			shellScript = "\"${SRCROOT}/Pods/Target Support Files/Pods-EasyUploaderTests/Pods-EasyUploaderTests-frameworks.sh\"\n";
			showEnvVarsInLog = 0;
		};
/* End PBXShellScriptBuildPhase section */

/* Begin PBXSourcesBuildPhase section */
		250392031E65C758002062F0 /* Sources */ = {
			isa = PBXSourcesBuildPhase;
			buildActionMask = 2147483647;
			files = (
				255E15531F22778700411A67 /* AppDelegate.m in Sources */,
				255E153C1F2274B000411A67 /* StringUtil.m in Sources */,
				255E15431F2274B000411A67 /* ZyxPhotoManager.m in Sources */,
				255E15341F2274B000411A67 /* DDLogCustomFormatter.m in Sources */,
				259A36101F2B71B200F10298 /* QiniuBucketViewModel.m in Sources */,
				255E15451F2274B000411A67 /* QiniuUploadManager.m in Sources */,
				255E153E1F2274B000411A67 /* ZyxPhotoCollectionViewCell.m in Sources */,
				255E15391F2274B000411A67 /* DateUtil.m in Sources */,
				255E15441F2274B000411A67 /* QiniuResourceManager.m in Sources */,
				259A362D1F2F8B2F00F10298 /* ResourceToolCell.m in Sources */,
				259A36371F30E72400F10298 /* QiniuDownloadManager.m in Sources */,
				255E15321F2274B000411A67 /* UITextField+Padding.m in Sources */,
				255E15381F2274B000411A67 /* ALAssetUtil.m in Sources */,
				255E15581F22778700411A67 /* main.m in Sources */,
				255E153F1F2274B000411A67 /* BaseViewController.m in Sources */,
				255E155E1F227A5600411A67 /* QiniuBucket.m in Sources */,
				255E15421F2274B000411A67 /* ZyxPickAlbumViewController.m in Sources */,
				255E15331F2274B000411A67 /* UIView+Frame.m in Sources */,
				25A1D0121F23739F0018888F /* LocalMainViewController.m in Sources */,
				255E15361F2274B000411A67 /* IPAddress.m in Sources */,
				259A36161F2DECE700F10298 /* ZyxImageTitleButton.m in Sources */,
				255E153D1F2274B000411A67 /* UINormalTableViewCell.m in Sources */,
				255E15611F227A6A00411A67 /* QiniuResource.m in Sources */,
				255E15411F2274B000411A67 /* ZyxPhotosViewController.m in Sources */,
				255E15591F22778700411A67 /* QiniuMainViewController.m in Sources */,
				255E153A1F2274B000411A67 /* DeviceUtil.m in Sources */,
				255E15351F2274B000411A67 /* GTMBase64.m in Sources */,
				259A36131F2DA95C00F10298 /* ToolCell.m in Sources */,
				250F02181F28C3AB00438141 /* QiniuResouresViewController.m in Sources */,
				255E15401F2274B000411A67 /* AlbumPhotosViewController.m in Sources */,
				255E153B1F2274B000411A67 /* LanguagTranslateUtil.m in Sources */,
				255E15371F2274B000411A67 /* KeychainItemWrapper.m in Sources */,
			);
			runOnlyForDeploymentPostprocessing = 0;
		};
		2503921C1E65C758002062F0 /* Sources */ = {
			isa = PBXSourcesBuildPhase;
			buildActionMask = 2147483647;
			files = (
				250392251E65C758002062F0 /* EasyUploaderTests.m in Sources */,
			);
			runOnlyForDeploymentPostprocessing = 0;
		};
		250392271E65C758002062F0 /* Sources */ = {
			isa = PBXSourcesBuildPhase;
			buildActionMask = 2147483647;
			files = (
				250392301E65C758002062F0 /* EasyUploaderUITests.m in Sources */,
			);
			runOnlyForDeploymentPostprocessing = 0;
		};
/* End PBXSourcesBuildPhase section */

/* Begin PBXTargetDependency section */
		250392221E65C758002062F0 /* PBXTargetDependency */ = {
			isa = PBXTargetDependency;
			target = 250392061E65C758002062F0 /* EasyUploader */;
			targetProxy = 250392211E65C758002062F0 /* PBXContainerItemProxy */;
		};
		2503922D1E65C758002062F0 /* PBXTargetDependency */ = {
			isa = PBXTargetDependency;
			target = 250392061E65C758002062F0 /* EasyUploader */;
			targetProxy = 2503922C1E65C758002062F0 /* PBXContainerItemProxy */;
		};
/* End PBXTargetDependency section */

/* Begin XCBuildConfiguration section */
		250392321E65C758002062F0 /* Debug */ = {
			isa = XCBuildConfiguration;
			buildSettings = {
				ALWAYS_SEARCH_USER_PATHS = NO;
				CLANG_ANALYZER_NONNULL = YES;
				CLANG_CXX_LANGUAGE_STANDARD = "gnu++0x";
				CLANG_CXX_LIBRARY = "libc++";
				CLANG_ENABLE_MODULES = YES;
				CLANG_ENABLE_OBJC_ARC = YES;
				CLANG_WARN_BOOL_CONVERSION = YES;
				CLANG_WARN_CONSTANT_CONVERSION = YES;
				CLANG_WARN_DIRECT_OBJC_ISA_USAGE = YES_ERROR;
				CLANG_WARN_DOCUMENTATION_COMMENTS = YES;
				CLANG_WARN_EMPTY_BODY = YES;
				CLANG_WARN_ENUM_CONVERSION = YES;
				CLANG_WARN_INFINITE_RECURSION = YES;
				CLANG_WARN_INT_CONVERSION = YES;
				CLANG_WARN_OBJC_ROOT_CLASS = YES_ERROR;
				CLANG_WARN_SUSPICIOUS_MOVE = YES;
				CLANG_WARN_UNREACHABLE_CODE = YES;
				CLANG_WARN__DUPLICATE_METHOD_MATCH = YES;
				"CODE_SIGN_IDENTITY[sdk=iphoneos*]" = "iPhone Developer";
				COPY_PHASE_STRIP = NO;
				DEBUG_INFORMATION_FORMAT = dwarf;
				ENABLE_STRICT_OBJC_MSGSEND = YES;
				ENABLE_TESTABILITY = YES;
				GCC_C_LANGUAGE_STANDARD = gnu99;
				GCC_DYNAMIC_NO_PIC = NO;
				GCC_NO_COMMON_BLOCKS = YES;
				GCC_OPTIMIZATION_LEVEL = 0;
				GCC_PREPROCESSOR_DEFINITIONS = (
					"DEBUG=1",
					"$(inherited)",
				);
				GCC_WARN_64_TO_32_BIT_CONVERSION = YES;
				GCC_WARN_ABOUT_RETURN_TYPE = YES_ERROR;
				GCC_WARN_UNDECLARED_SELECTOR = YES;
				GCC_WARN_UNINITIALIZED_AUTOS = YES_AGGRESSIVE;
				GCC_WARN_UNUSED_FUNCTION = YES;
				GCC_WARN_UNUSED_VARIABLE = YES;
				IPHONEOS_DEPLOYMENT_TARGET = 10.2;
				MTL_ENABLE_DEBUG_INFO = YES;
				ONLY_ACTIVE_ARCH = YES;
				SDKROOT = iphoneos;
			};
			name = Debug;
		};
		250392331E65C758002062F0 /* Release */ = {
			isa = XCBuildConfiguration;
			buildSettings = {
				ALWAYS_SEARCH_USER_PATHS = NO;
				CLANG_ANALYZER_NONNULL = YES;
				CLANG_CXX_LANGUAGE_STANDARD = "gnu++0x";
				CLANG_CXX_LIBRARY = "libc++";
				CLANG_ENABLE_MODULES = YES;
				CLANG_ENABLE_OBJC_ARC = YES;
				CLANG_WARN_BOOL_CONVERSION = YES;
				CLANG_WARN_CONSTANT_CONVERSION = YES;
				CLANG_WARN_DIRECT_OBJC_ISA_USAGE = YES_ERROR;
				CLANG_WARN_DOCUMENTATION_COMMENTS = YES;
				CLANG_WARN_EMPTY_BODY = YES;
				CLANG_WARN_ENUM_CONVERSION = YES;
				CLANG_WARN_INFINITE_RECURSION = YES;
				CLANG_WARN_INT_CONVERSION = YES;
				CLANG_WARN_OBJC_ROOT_CLASS = YES_ERROR;
				CLANG_WARN_SUSPICIOUS_MOVE = YES;
				CLANG_WARN_UNREACHABLE_CODE = YES;
				CLANG_WARN__DUPLICATE_METHOD_MATCH = YES;
				"CODE_SIGN_IDENTITY[sdk=iphoneos*]" = "iPhone Developer";
				COPY_PHASE_STRIP = NO;
				DEBUG_INFORMATION_FORMAT = "dwarf-with-dsym";
				ENABLE_NS_ASSERTIONS = NO;
				ENABLE_STRICT_OBJC_MSGSEND = YES;
				GCC_C_LANGUAGE_STANDARD = gnu99;
				GCC_NO_COMMON_BLOCKS = YES;
				GCC_WARN_64_TO_32_BIT_CONVERSION = YES;
				GCC_WARN_ABOUT_RETURN_TYPE = YES_ERROR;
				GCC_WARN_UNDECLARED_SELECTOR = YES;
				GCC_WARN_UNINITIALIZED_AUTOS = YES_AGGRESSIVE;
				GCC_WARN_UNUSED_FUNCTION = YES;
				GCC_WARN_UNUSED_VARIABLE = YES;
				IPHONEOS_DEPLOYMENT_TARGET = 10.2;
				MTL_ENABLE_DEBUG_INFO = NO;
				SDKROOT = iphoneos;
				VALIDATE_PRODUCT = YES;
			};
			name = Release;
		};
		250392351E65C758002062F0 /* Debug */ = {
			isa = XCBuildConfiguration;
			baseConfigurationReference = 57B3ED3706C1B5A374CAAA99 /* Pods-EasyUploader.debug.xcconfig */;
			buildSettings = {
				ASSETCATALOG_COMPILER_APPICON_NAME = AppIcon;
				FRAMEWORK_SEARCH_PATHS = (
					"$(inherited)",
					"$(PROJECT_DIR)/EasyUploader/Common/ThirdParty",
				);
				GCC_INCREASE_PRECOMPILED_HEADER_SHARING = NO;
				GCC_PRECOMPILE_PREFIX_HEADER = YES;
				GCC_PREFIX_HEADER = "$(SRCROOT)/$(PROJECT_NAME)/AppMain/PrefixHeader.pch";
				INFOPLIST_FILE = EasyUploader/AppMain/Info.plist;
				LD_RUNPATH_SEARCH_PATHS = "$(inherited) @executable_path/Frameworks";
				LIBRARY_SEARCH_PATHS = (
					"$(inherited)",
					"$(PROJECT_DIR)/EasyUploader/Common/ThirdParty",
				);
				PRODUCT_BUNDLE_IDENTIFIER = com.sytuzhouyong.EasyUploader;
				PRODUCT_NAME = "$(TARGET_NAME)";
				WARNING_CFLAGS = "-Wno-deprecated-declarations";
			};
			name = Debug;
		};
		250392361E65C758002062F0 /* Release */ = {
			isa = XCBuildConfiguration;
			baseConfigurationReference = 2F42ACAF98A07D299C55D3BD /* Pods-EasyUploader.release.xcconfig */;
			buildSettings = {
				ASSETCATALOG_COMPILER_APPICON_NAME = AppIcon;
				FRAMEWORK_SEARCH_PATHS = (
					"$(inherited)",
					"$(PROJECT_DIR)/EasyUploader/Common/ThirdParty",
				);
				GCC_INCREASE_PRECOMPILED_HEADER_SHARING = NO;
				GCC_PRECOMPILE_PREFIX_HEADER = YES;
				GCC_PREFIX_HEADER = "$(SRCROOT)/$(PROJECT_NAME)/AppMain/PrefixHeader.pch";
				INFOPLIST_FILE = EasyUploader/AppMain/Info.plist;
				LD_RUNPATH_SEARCH_PATHS = "$(inherited) @executable_path/Frameworks";
				LIBRARY_SEARCH_PATHS = (
					"$(inherited)",
					"$(PROJECT_DIR)/EasyUploader/Common/ThirdParty",
				);
				PRODUCT_BUNDLE_IDENTIFIER = com.sytuzhouyong.EasyUploader;
				PRODUCT_NAME = "$(TARGET_NAME)";
				WARNING_CFLAGS = "-Wno-deprecated-declarations";
			};
			name = Release;
		};
		250392381E65C758002062F0 /* Debug */ = {
			isa = XCBuildConfiguration;
			baseConfigurationReference = 141355998B360EF108FD6CCF /* Pods-EasyUploaderTests.debug.xcconfig */;
			buildSettings = {
				BUNDLE_LOADER = "$(TEST_HOST)";
				INFOPLIST_FILE = EasyUploaderTests/Info.plist;
				LD_RUNPATH_SEARCH_PATHS = "$(inherited) @executable_path/Frameworks @loader_path/Frameworks";
				PRODUCT_BUNDLE_IDENTIFIER = com.sytuzhouyong.EasyUploaderTests;
				PRODUCT_NAME = "$(TARGET_NAME)";
				TEST_HOST = "$(BUILT_PRODUCTS_DIR)/EasyUploader.app/EasyUploader";
			};
			name = Debug;
		};
		250392391E65C758002062F0 /* Release */ = {
			isa = XCBuildConfiguration;
			baseConfigurationReference = 3F06F99B7DAEEABA4061A1A2 /* Pods-EasyUploaderTests.release.xcconfig */;
			buildSettings = {
				BUNDLE_LOADER = "$(TEST_HOST)";
				INFOPLIST_FILE = EasyUploaderTests/Info.plist;
				LD_RUNPATH_SEARCH_PATHS = "$(inherited) @executable_path/Frameworks @loader_path/Frameworks";
				PRODUCT_BUNDLE_IDENTIFIER = com.sytuzhouyong.EasyUploaderTests;
				PRODUCT_NAME = "$(TARGET_NAME)";
				TEST_HOST = "$(BUILT_PRODUCTS_DIR)/EasyUploader.app/EasyUploader";
			};
			name = Release;
		};
		2503923B1E65C758002062F0 /* Debug */ = {
			isa = XCBuildConfiguration;
			baseConfigurationReference = BCDF4CA43941228D9001A3ED /* Pods-EasyUploaderUITests.debug.xcconfig */;
			buildSettings = {
				INFOPLIST_FILE = EasyUploaderUITests/Info.plist;
				LD_RUNPATH_SEARCH_PATHS = "$(inherited) @executable_path/Frameworks @loader_path/Frameworks";
				PRODUCT_BUNDLE_IDENTIFIER = com.sytuzhouyong.EasyUploaderUITests;
				PRODUCT_NAME = "$(TARGET_NAME)";
				TEST_TARGET_NAME = EasyUploader;
			};
			name = Debug;
		};
		2503923C1E65C758002062F0 /* Release */ = {
			isa = XCBuildConfiguration;
			baseConfigurationReference = F7E73488722F1D84565EC9FB /* Pods-EasyUploaderUITests.release.xcconfig */;
			buildSettings = {
				INFOPLIST_FILE = EasyUploaderUITests/Info.plist;
				LD_RUNPATH_SEARCH_PATHS = "$(inherited) @executable_path/Frameworks @loader_path/Frameworks";
				PRODUCT_BUNDLE_IDENTIFIER = com.sytuzhouyong.EasyUploaderUITests;
				PRODUCT_NAME = "$(TARGET_NAME)";
				TEST_TARGET_NAME = EasyUploader;
			};
			name = Release;
		};
/* End XCBuildConfiguration section */

/* Begin XCConfigurationList section */
		250392021E65C758002062F0 /* Build configuration list for PBXProject "EasyUploader" */ = {
			isa = XCConfigurationList;
			buildConfigurations = (
				250392321E65C758002062F0 /* Debug */,
				250392331E65C758002062F0 /* Release */,
			);
			defaultConfigurationIsVisible = 0;
			defaultConfigurationName = Release;
		};
		250392341E65C758002062F0 /* Build configuration list for PBXNativeTarget "EasyUploader" */ = {
			isa = XCConfigurationList;
			buildConfigurations = (
				250392351E65C758002062F0 /* Debug */,
				250392361E65C758002062F0 /* Release */,
			);
			defaultConfigurationIsVisible = 0;
			defaultConfigurationName = Release;
		};
		250392371E65C758002062F0 /* Build configuration list for PBXNativeTarget "EasyUploaderTests" */ = {
			isa = XCConfigurationList;
			buildConfigurations = (
				250392381E65C758002062F0 /* Debug */,
				250392391E65C758002062F0 /* Release */,
			);
			defaultConfigurationIsVisible = 0;
			defaultConfigurationName = Release;
		};
		2503923A1E65C758002062F0 /* Build configuration list for PBXNativeTarget "EasyUploaderUITests" */ = {
			isa = XCConfigurationList;
			buildConfigurations = (
				2503923B1E65C758002062F0 /* Debug */,
				2503923C1E65C758002062F0 /* Release */,
			);
			defaultConfigurationIsVisible = 0;
			defaultConfigurationName = Release;
		};
/* End XCConfigurationList section */
	};
	rootObject = 250391FF1E65C758002062F0 /* Project object */;
}
